# This file is machine-generated by `gh actions-lock`.
# Do not edit by hand; run `gh actions-lock` to update.
# Docs: https://gh.io/actions-lockfile
version: 'v0.0.2'
workflows:
    '.github/workflows/security.yml':
        - 'actions/checkout@v6.0.3'
        - 'github/codeql-action@v4.36.2'
    '.github/workflows/verify.yml':
        - 'actions/checkout@v6.0.3'
        - 'actions/upload-artifact@v7.0.1'
dependencies:
    'actions/checkout@v6.0.3':
        ref: 'v6.0.3'
        commit: 'sha1-df4cb1c069e1874edd31b4311f1884172cec0e10'
        owner_id: 44036562
        repo_id: 197814629
    'actions/upload-artifact@v7.0.1':
        ref: 'v7.0.1'
        commit: 'sha1-043fb46d1a93c77aae656e7c1c64a875d1fc6a0a'
        owner_id: 44036562
        repo_id: 192625955
    'github/codeql-action@v4.36.2':
        ref: 'v4.36.2'
        commit: 'sha1-8aad20d150bbac5944a9f9d289da16a4b0d87c1e'
        owner_id: 9919
        repo_id: 259445878
